Microsoft Visual Studio Solution File, Format Version 11.00
# Visual Studio 2008

Project("{1B3FE567-BB15-4C14-1D29-B6A4E9EF0D4D}") = "SuperShooter2", "Assembly-CSharp-firstpass.csproj", "{123F239E-1B53-9C84-172D-1A9A776D4E25}"
EndProject
Project("{1B3FE567-BB15-4C14-1D29-B6A4E9EF0D4D}") = "SuperShooter2", "Assembly-UnityScript-firstpass.unityproj", "{384E9018-2A50-8F4C-BBCE-E482F7CD6B06}"
EndProject
Project("{1B3FE567-BB15-4C14-1D29-B6A4E9EF0D4D}") = "SuperShooter2", "Assembly-UnityScript.unityproj", "{A2B0A62C-2655-CB11-484F-3DFE0D8065C0}"
EndProject
Global
	GlobalSection(SolutionConfigurationPlatforms) = preSolution
		Debug|Any CPU = Debug|Any CPU
		Release|Any CPU = Release|Any CPU
	EndGlobalSection
	GlobalSection(ProjectConfigurationPlatforms) = postSolution
		{123F239E-1B53-9C84-172D-1A9A776D4E25}.Debug|Any CPU.ActiveCfg = Debug|Any CPU
		{123F239E-1B53-9C84-172D-1A9A776D4E25}.Debug|Any CPU.Build.0 = Debug|Any CPU
		{123F239E-1B53-9C84-172D-1A9A776D4E25}.Release|Any CPU.ActiveCfg = Release|Any CPU
		{123F239E-1B53-9C84-172D-1A9A776D4E25}.Release|Any CPU.Build.0 = Release|Any CPU
		{384E9018-2A50-8F4C-BBCE-E482F7CD6B06}.Debug|Any CPU.ActiveCfg = Debug|Any CPU
		{384E9018-2A50-8F4C-BBCE-E482F7CD6B06}.Debug|Any CPU.Build.0 = Debug|Any CPU
		{384E9018-2A50-8F4C-BBCE-E482F7CD6B06}.Release|Any CPU.ActiveCfg = Release|Any CPU
		{384E9018-2A50-8F4C-BBCE-E482F7CD6B06}.Release|Any CPU.Build.0 = Release|Any CPU
		{A2B0A62C-2655-CB11-484F-3DFE0D8065C0}.Debug|Any CPU.ActiveCfg = Debug|Any CPU
		{A2B0A62C-2655-CB11-484F-3DFE0D8065C0}.Debug|Any CPU.Build.0 = Debug|Any CPU
		{A2B0A62C-2655-CB11-484F-3DFE0D8065C0}.Release|Any CPU.ActiveCfg = Release|Any CPU
		{A2B0A62C-2655-CB11-484F-3DFE0D8065C0}.Release|Any CPU.Build.0 = Release|Any CPU
	EndGlobalSection
	GlobalSection(SolutionProperties) = preSolution
		HideSolutionNode = FALSE
	EndGlobalSection
																											GlobalSection(MonoDevelopProperties) = preSolution
		StartupItem = Assembly-CSharp.csproj
		Policies = $0
		$0.TextStylePolicy = $1
		$1.inheritsSet = null
		$1.scope = text/x-csharp
		$0.CSharpFormattingPolicy = $2
		$2.inheritsSet = Mono
		$2.inheritsScope = text/x-csharp
		$2.scope = text/x-csharp
		$0.TextStylePolicy = $3
		$3.FileWidth = 120
		$3.TabWidth = 4
		$3.EolMarker = Unix
		$3.inheritsSet = Mono
		$3.inheritsScope = text/plain
		$3.scope = text/plain
	EndGlobalSection

EndGlobal
